# THIS IS AN AUTOGENERATED FILE. DO NOT EDIT THIS FILE DIRECTLY.
# yarn lockfile v1


"@types/node@^12.20.0":
  version "12.20.41"
  resolved "https://registry.yarnpkg.com/@types/node/-/node-12.20.41.tgz#81d7734c5257da9f04354bd9084a6ebbdd5198a5"
  integrity sha512-f6xOqucbDirG7LOzedpvzjP3UTmHttRou3Mosx3vL9wr9AIQGhcPgVnqa8ihpZYnxyM1rxeNCvTyukPKZtq10Q==

"@types/vscode@^1.50.0":
  version "1.63.1"
  resolved "https://registry.yarnpkg.com/@types/vscode/-/vscode-1.63.1.tgz#b40f9f18055e2c9498ae543d18c59fbd6ef2e8a3"
  integrity sha512-Z+ZqjRcnGfHP86dvx/BtSwWyZPKQ/LBdmAVImY82TphyjOw2KgTKcp7Nx92oNwCTsHzlshwexAG/WiY2JuUm3g==

mkdirp@^1.0.4:
  version "1.0.4"
  resolved "https://registry.yarnpkg.com/mkdirp/-/mkdirp-1.0.4.tgz#3eb5ed62622756d79a5f0e2a221dfebad75c2f7e"
  integrity sha512-vVqVZQyf3WLx2Shd0qJ9xuvqgAyKPLAiqITEtqW0oIUjzo3PePDd6fW9iFz30ef7Ysp/oiWqbhszeGWW2T6Gzw==

typescript@^3.9.6:
  version "3.9.10"
  resolved "https://registry.yarnpkg.com/typescript/-/typescript-3.9.10.tgz#70f3910ac7a51ed6bef79da7800690b19bf778b8"
  integrity sha512-w6fIxVE/H1PkLKcCPsFqKE7Kv7QUwhU8qQY2MueZXWx5cPZdwFupLgKK3vntcK98BtNHZtAF4LA/yl2a7k8R6Q==

vscode-debugadapter@^1.49.0:
  version "1.51.0"
  resolved "https://registry.yarnpkg.com/vscode-debugadapter/-/vscode-debugadapter-1.51.0.tgz#ef600c3aa165523645887ec15df1443ba7d68aa6"
  integrity sha512-mObaXD5/FH/z6aL2GDuyCLbnwLsYRCAJWgFid01vKW9Y5Si8OvINK+Tn+Yl/lRUbetjNuZW3j1euMEz6z8Yzqg==
  dependencies:
    mkdirp "^1.0.4"
    vscode-debugprotocol "1.51.0"

vscode-debugprotocol@1.51.0, vscode-debugprotocol@^1.49.0:
  version "1.51.0"
  resolved "https://registry.yarnpkg.com/vscode-debugprotocol/-/vscode-debugprotocol-1.51.0.tgz#c03168dac778b6c24ce17b3511cb61e89c11b2df"
  integrity sha512-dzKWTMMyebIMPF1VYMuuQj7gGFq7guR8AFya0mKacu+ayptJfaRuM0mdHCqiOth4FnRP8mPhEroFPx6Ift8wHA==
